// !$*UTF8*$!
{
	archiveVersion = 1;
	classes = {
	};
	objectVersion = 56;
	objects = {

/* Begin PBXBuildFile section */
		FF141DFE29A488F200C99786 /* DynamicLinkHandler.swift in Sources */ = {isa = PBXBuildFile; fileRef = FF141DFD29A488F200C99786 /* DynamicLinkHandler.swift */; };
		FF141E0029A4894000C99786 /* DynamicLinkCoordinator.swift in Sources */ = {isa = PBXBuildFile; fileRef = FF141DFF29A4894000C99786 /* DynamicLinkCoordinator.swift */; };
		FF141E0429A48A6500C99786 /* DynamicLinkCoordinating.swift in Sources */ = {isa = PBXBuildFile; fileRef = FF141E0329A48A6500C99786 /* DynamicLinkCoordinating.swift */; };
		FF706D6929A3CC5A00D53546 /* FirstCoordinating.swift in Sources */ = {isa = PBXBuildFile; fileRef = FF706D6829A3CC5A00D53546 /* FirstCoordinating.swift */; };
		FF706D6E29A3D5BC00D53546 /* SecondCoordinating.swift in Sources */ = {isa = PBXBuildFile; fileRef = FF706D6D29A3D5BC00D53546 /* SecondCoordinating.swift */; };
		FF706D7029A3D5DA00D53546 /* ThirdCoordinating.swift in Sources */ = {isa = PBXBuildFile; fileRef = FF706D6F29A3D5DA00D53546 /* ThirdCoordinating.swift */; };
		FF706D7229A3D5F100D53546 /* SecondCoordinator.swift in Sources */ = {isa = PBXBuildFile; fileRef = FF706D7129A3D5F100D53546 /* SecondCoordinator.swift */; };
		FF706D7429A3D5FA00D53546 /* ThirdCoordinator.swift in Sources */ = {isa = PBXBuildFile; fileRef = FF706D7329A3D5FA00D53546 /* ThirdCoordinator.swift */; };
		FF706D7729A3D98300D53546 /* LoginViewController.swift in Sources */ = {isa = PBXBuildFile; fileRef = FF706D7629A3D98300D53546 /* LoginViewController.swift */; };
		FF731323299CBAEF001167AD /* AppDelegate.swift in Sources */ = {isa = PBXBuildFile; fileRef = FF731322299CBAEF001167AD /* AppDelegate.swift */; };
		FF731325299CBAEF001167AD /* SceneDelegate.swift in Sources */ = {isa = PBXBuildFile; fileRef = FF731324299CBAEF001167AD /* SceneDelegate.swift */; };
		FF73132C299CBAF1001167AD /* Assets.xcassets in Resources */ = {isa = PBXBuildFile; fileRef = FF73132B299CBAF1001167AD /* Assets.xcassets */; };
		FF73132F299CBAF1001167AD /* LaunchScreen.storyboard in Resources */ = {isa = PBXBuildFile; fileRef = FF73132D299CBAF1001167AD /* LaunchScreen.storyboard */; };
		FF731337299CBCE3001167AD /* FirstViewController.swift in Sources */ = {isa = PBXBuildFile; fileRef = FF731336299CBCE3001167AD /* FirstViewController.swift */; };
		FF73133A299CBCF5001167AD /* SecondViewController.swift in Sources */ = {isa = PBXBuildFile; fileRef = FF731339299CBCF5001167AD /* SecondViewController.swift */; };
		FF73133C299CBCFE001167AD /* ThirdViewController.swift in Sources */ = {isa = PBXBuildFile; fileRef = FF73133B299CBCFE001167AD /* ThirdViewController.swift */; };
		FF73133F299CBEEA001167AD /* Coordinator.swift in Sources */ = {isa = PBXBuildFile; fileRef = FF73133E299CBEEA001167AD /* Coordinator.swift */; };
		FF731342299CC006001167AD /* FirstCoordinator.swift in Sources */ = {isa = PBXBuildFile; fileRef = FF731341299CC006001167AD /* FirstCoordinator.swift */; };
/* End PBXBuildFile section */

/* Begin PBXFileReference section */
		FF141DFD29A488F200C99786 /* DynamicLinkHandler.swift */ = {isa = PBXFileReference; lastKnownFileType = sourcecode.swift; path = DynamicLinkHandler.swift; sourceTree = "<group>"; };
		FF141DFF29A4894000C99786 /* DynamicLinkCoordinator.swift */ = {isa = PBXFileReference; lastKnownFileType = sourcecode.swift; path = DynamicLinkCoordinator.swift; sourceTree = "<group>"; };
		FF141E0329A48A6500C99786 /* DynamicLinkCoordinating.swift */ = {isa = PBXFileReference; lastKnownFileType = sourcecode.swift; path = DynamicLinkCoordinating.swift; sourceTree = "<group>"; };
		FF706D6829A3CC5A00D53546 /* FirstCoordinating.swift */ = {isa = PBXFileReference; lastKnownFileType = sourcecode.swift; path = FirstCoordinating.swift; sourceTree = "<group>"; };
		FF706D6D29A3D5BC00D53546 /* SecondCoordinating.swift */ = {isa = PBXFileReference; lastKnownFileType = sourcecode.swift; path = SecondCoordinating.swift; sourceTree = "<group>"; };
		FF706D6F29A3D5DA00D53546 /* ThirdCoordinating.swift */ = {isa = PBXFileReference; lastKnownFileType = sourcecode.swift; path = ThirdCoordinating.swift; sourceTree = "<group>"; };
		FF706D7129A3D5F100D53546 /* SecondCoordinator.swift */ = {isa = PBXFileReference; lastKnownFileType = sourcecode.swift; path = SecondCoordinator.swift; sourceTree = "<group>"; };
		FF706D7329A3D5FA00D53546 /* ThirdCoordinator.swift */ = {isa = PBXFileReference; lastKnownFileType = sourcecode.swift; path = ThirdCoordinator.swift; sourceTree = "<group>"; };
		FF706D7629A3D98300D53546 /* LoginViewController.swift */ = {isa = PBXFileReference; lastKnownFileType = sourcecode.swift; path = LoginViewController.swift; sourceTree = "<group>"; };
		FF73131F299CBAEF001167AD /* CoordinatorPattern.app */ = {isa = PBXFileReference; explicitFileType = wrapper.application; includeInIndex = 0; path = CoordinatorPattern.app; sourceTree = BUILT_PRODUCTS_DIR; };
		FF731322299CBAEF001167AD /* AppDelegate.swift */ = {isa = PBXFileReference; lastKnownFileType = sourcecode.swift; path = AppDelegate.swift; sourceTree = "<group>"; };
		FF731324299CBAEF001167AD /* SceneDelegate.swift */ = {isa = PBXFileReference; lastKnownFileType = sourcecode.swift; path = SceneDelegate.swift; sourceTree = "<group>"; };
		FF73132B299CBAF1001167AD /* Assets.xcassets */ = {isa = PBXFileReference; lastKnownFileType = folder.assetcatalog; path = Assets.xcassets; sourceTree = "<group>"; };
		FF73132E299CBAF1001167AD /* Base */ = {isa = PBXFileReference; lastKnownFileType = file.storyboard; name = Base; path = Base.lproj/LaunchScreen.storyboard; sourceTree = "<group>"; };
		FF731330299CBAF1001167AD /* Info.plist */ = {isa = PBXFileReference; lastKnownFileType = text.plist.xml; path = Info.plist; sourceTree = "<group>"; };
		FF731336299CBCE3001167AD /* FirstViewController.swift */ = {isa = PBXFileReference; lastKnownFileType = sourcecode.swift; path = FirstViewController.swift; sourceTree = "<group>"; };
		FF731339299CBCF5001167AD /* SecondViewController.swift */ = {isa = PBXFileReference; lastKnownFileType = sourcecode.swift; path = SecondViewController.swift; sourceTree = "<group>"; };
		FF73133B299CBCFE001167AD /* ThirdViewController.swift */ = {isa = PBXFileReference; lastKnownFileType = sourcecode.swift; path = ThirdViewController.swift; sourceTree = "<group>"; };
		FF73133E299CBEEA001167AD /* Coordinator.swift */ = {isa = PBXFileReference; lastKnownFileType = sourcecode.swift; path = Coordinator.swift; sourceTree = "<group>"; };
		FF731341299CC006001167AD /* FirstCoordinator.swift */ = {isa = PBXFileReference; lastKnownFileType = sourcecode.swift; path = FirstCoordinator.swift; sourceTree = "<group>"; };
/* End PBXFileReference section */

/* Begin PBXFrameworksBuildPhase section */
		FF73131C299CBAEF001167AD /* Frameworks */ = {
			isa = PBXFrameworksBuildPhase;
			buildActionMask = 2147483647;
			files = (
			);
			runOnlyForDeploymentPostprocessing = 0;
		};
/* End PBXFrameworksBuildPhase section */

/* Begin PBXGroup section */
		FF706D6729A3CA8300D53546 /* Coordinator */ = {
			isa = PBXGroup;
			children = (
				FF731341299CC006001167AD /* FirstCoordinator.swift */,
				FF706D7129A3D5F100D53546 /* SecondCoordinator.swift */,
				FF706D7329A3D5FA00D53546 /* ThirdCoordinator.swift */,
				FF141DFF29A4894000C99786 /* DynamicLinkCoordinator.swift */,
			);
			path = Coordinator;
			sourceTree = "<group>";
		};
		FF706D6A29A3D51C00D53546 /* APP */ = {
			isa = PBXGroup;
			children = (
				FF73132D299CBAF1001167AD /* LaunchScreen.storyboard */,
				FF73132B299CBAF1001167AD /* Assets.xcassets */,
				FF731322299CBAEF001167AD /* AppDelegate.swift */,
				FF731324299CBAEF001167AD /* SceneDelegate.swift */,
				FF141DFD29A488F200C99786 /* DynamicLinkHandler.swift */,
			);
			path = APP;
			sourceTree = "<group>";
		};
		FF706D6B29A3D55A00D53546 /* SecondViewController */ = {
			isa = PBXGroup;
			children = (
				FF706D7529A3D96100D53546 /* LoginFeature */,
				FF731339299CBCF5001167AD /* SecondViewController.swift */,
			);
			path = SecondViewController;
			sourceTree = "<group>";
		};
		FF706D6C29A3D56600D53546 /* ThirdViewController */ = {
			isa = PBXGroup;
			children = (
				FF73133B299CBCFE001167AD /* ThirdViewController.swift */,
			);
			path = ThirdViewController;
			sourceTree = "<group>";
		};
		FF706D7529A3D96100D53546 /* LoginFeature */ = {
			isa = PBXGroup;
			children = (
				FF706D7629A3D98300D53546 /* LoginViewController.swift */,
			);
			path = LoginFeature;
			sourceTree = "<group>";
		};
		FF731316299CBAEF001167AD = {
			isa = PBXGroup;
			children = (
				FF731321299CBAEF001167AD /* CoordinatorPattern */,
				FF731320299CBAEF001167AD /* Products */,
			);
			sourceTree = "<group>";
		};
		FF731320299CBAEF001167AD /* Products */ = {
			isa = PBXGroup;
			children = (
				FF73131F299CBAEF001167AD /* CoordinatorPattern.app */,
			);
			name = Products;
			sourceTree = "<group>";
		};
		FF731321299CBAEF001167AD /* CoordinatorPattern */ = {
			isa = PBXGroup;
			children = (
				FF731330299CBAF1001167AD /* Info.plist */,
				FF706D6A29A3D51C00D53546 /* APP */,
				FF706D6729A3CA8300D53546 /* Coordinator */,
				FF73133D299CBEDD001167AD /* CoordinatorCore */,
				FF731338299CBCE7001167AD /* Feature */,
			);
			path = CoordinatorPattern;
			sourceTree = "<group>";
		};
		FF731338299CBCE7001167AD /* Feature */ = {
			isa = PBXGroup;
			children = (
				FF706D6C29A3D56600D53546 /* ThirdViewController */,
				FF706D6B29A3D55A00D53546 /* SecondViewController */,
				FF731340299CBFE8001167AD /* FirstViewController */,
			);
			path = Feature;
			sourceTree = "<group>";
		};
		FF73133D299CBEDD001167AD /* CoordinatorCore */ = {
			isa = PBXGroup;
			children = (
				FF73133E299CBEEA001167AD /* Coordinator.swift */,
				FF706D6829A3CC5A00D53546 /* FirstCoordinating.swift */,
				FF706D6D29A3D5BC00D53546 /* SecondCoordinating.swift */,
				FF706D6F29A3D5DA00D53546 /* ThirdCoordinating.swift */,
				FF141E0329A48A6500C99786 /* DynamicLinkCoordinating.swift */,
			);
			path = CoordinatorCore;
			sourceTree = "<group>";
		};
		FF731340299CBFE8001167AD /* FirstViewController */ = {
			isa = PBXGroup;
			children = (
				FF731336299CBCE3001167AD /* FirstViewController.swift */,
			);
			path = FirstViewController;
			sourceTree = "<group>";
		};
/* End PBXGroup section */

/* Begin PBXNativeTarget section */
		FF73131E299CBAEF001167AD /* CoordinatorPattern */ = {
			isa = PBXNativeTarget;
			buildConfigurationList = FF731333299CBAF1001167AD /* Build configuration list for PBXNativeTarget "CoordinatorPattern" */;
			buildPhases = (
				FF73131B299CBAEF001167AD /* Sources */,
				FF73131C299CBAEF001167AD /* Frameworks */,
				FF73131D299CBAEF001167AD /* Resources */,
			);
			buildRules = (
			);
			dependencies = (
			);
			name = CoordinatorPattern;
			productName = CoordinatorPattern;
			productReference = FF73131F299CBAEF001167AD /* CoordinatorPattern.app */;
			productType = "com.apple.product-type.application";
		};
/* End PBXNativeTarget section */

/* Begin PBXProject section */
		FF731317299CBAEF001167AD /* Project object */ = {
			isa = PBXProject;
			attributes = {
				BuildIndependentTargetsInParallel = 1;
				LastSwiftUpdateCheck = 1420;
				LastUpgradeCheck = 1420;
				TargetAttributes = {
					FF73131E299CBAEF001167AD = {
						CreatedOnToolsVersion = 14.2;
					};
				};
			};
			buildConfigurationList = FF73131A299CBAEF001167AD /* Build configuration list for PBXProject "CoordinatorPattern" */;
			compatibilityVersion = "Xcode 14.0";
			developmentRegion = en;
			hasScannedForEncodings = 0;
			knownRegions = (
				en,
				Base,
			);
			mainGroup = FF731316299CBAEF001167AD;
			productRefGroup = FF731320299CBAEF001167AD /* Products */;
			projectDirPath = "";
			projectRoot = "";
			targets = (
				FF73131E299CBAEF001167AD /* CoordinatorPattern */,
			);
		};
/* End PBXProject section */

/* Begin PBXResourcesBuildPhase section */
		FF73131D299CBAEF001167AD /* Resources */ = {
			isa = PBXResourcesBuildPhase;
			buildActionMask = 2147483647;
			files = (
				FF73132F299CBAF1001167AD /* LaunchScreen.storyboard in Resources */,
				FF73132C299CBAF1001167AD /* Assets.xcassets in Resources */,
			);
			runOnlyForDeploymentPostprocessing = 0;
		};
/* End PBXResourcesBuildPhase section */

/* Begin PBXSourcesBuildPhase section */
		FF73131B299CBAEF001167AD /* Sources */ = {
			isa = PBXSourcesBuildPhase;
			buildActionMask = 2147483647;
			files = (
				FF731323299CBAEF001167AD /* AppDelegate.swift in Sources */,
				FF706D7229A3D5F100D53546 /* SecondCoordinator.swift in Sources */,
				FF731325299CBAEF001167AD /* SceneDelegate.swift in Sources */,
				FF141E0029A4894000C99786 /* DynamicLinkCoordinator.swift in Sources */,
				FF73133A299CBCF5001167AD /* SecondViewController.swift in Sources */,
				FF706D7429A3D5FA00D53546 /* ThirdCoordinator.swift in Sources */,
				FF73133C299CBCFE001167AD /* ThirdViewController.swift in Sources */,
				FF731342299CC006001167AD /* FirstCoordinator.swift in Sources */,
				FF706D6929A3CC5A00D53546 /* FirstCoordinating.swift in Sources */,
				FF141DFE29A488F200C99786 /* DynamicLinkHandler.swift in Sources */,
				FF706D7029A3D5DA00D53546 /* ThirdCoordinating.swift in Sources */,
				FF731337299CBCE3001167AD /* FirstViewController.swift in Sources */,
				FF141E0429A48A6500C99786 /* DynamicLinkCoordinating.swift in Sources */,
				FF73133F299CBEEA001167AD /* Coordinator.swift in Sources */,
				FF706D7729A3D98300D53546 /* LoginViewController.swift in Sources */,
				FF706D6E29A3D5BC00D53546 /* SecondCoordinating.swift in Sources */,
			);
			runOnlyForDeploymentPostprocessing = 0;
		};
/* End PBXSourcesBuildPhase section */

/* Begin PBXVariantGroup section */
		FF73132D299CBAF1001167AD /* LaunchScreen.storyboard */ = {
			isa = PBXVariantGroup;
			children = (
				FF73132E299CBAF1001167AD /* Base */,
			);
			name = LaunchScreen.storyboard;
			sourceTree = "<group>";
		};
/* End PBXVariantGroup section */

/* Begin XCBuildConfiguration section */
		FF731331299CBAF1001167AD /* Debug */ = {
			isa = XCBuildConfiguration;
			buildSettings = {
				ALWAYS_SEARCH_USER_PATHS = NO;
				CLANG_ANALYZER_NONNULL = YES;
				CLANG_ANALYZER_NUMBER_OBJECT_CONVERSION = YES_AGGRESSIVE;
				CLANG_CXX_LANGUAGE_STANDARD = "gnu++20";
				CLANG_ENABLE_MODULES = YES;
				CLANG_ENABLE_OBJC_ARC = YES;
				CLANG_ENABLE_OBJC_WEAK = YES;
				CLANG_WARN_BLOCK_CAPTURE_AUTORELEASING = YES;
				CLANG_WARN_BOOL_CONVERSION = YES;
				CLANG_WARN_COMMA = YES;
				CLANG_WARN_CONSTANT_CONVERSION = YES;
				CLANG_WARN_DEPRECATED_OBJC_IMPLEMENTATIONS = YES;
				CLANG_WARN_DIRECT_OBJC_ISA_USAGE = YES_ERROR;
				CLANG_WARN_DOCUMENTATION_COMMENTS = YES;
				CLANG_WARN_EMPTY_BODY = YES;
				CLANG_WARN_ENUM_CONVERSION = YES;
				CLANG_WARN_INFINITE_RECURSION = YES;
				CLANG_WARN_INT_CONVERSION = YES;
				CLANG_WARN_NON_LITERAL_NULL_CONVERSION = YES;
				CLANG_WARN_OBJC_IMPLICIT_RETAIN_SELF = YES;
				CLANG_WARN_OBJC_LITERAL_CONVERSION = YES;
				CLANG_WARN_OBJC_ROOT_CLASS = YES_ERROR;
				CLANG_WARN_QUOTED_INCLUDE_IN_FRAMEWORK_HEADER = YES;
				CLANG_WARN_RANGE_LOOP_ANALYSIS = YES;
				CLANG_WARN_STRICT_PROTOTYPES = YES;
				CLANG_WARN_SUSPICIOUS_MOVE = YES;
				CLANG_WARN_UNGUARDED_AVAILABILITY = YES_AGGRESSIVE;
				CLANG_WARN_UNREACHABLE_CODE = YES;
				CLANG_WARN__DUPLICATE_METHOD_MATCH = YES;
				COPY_PHASE_STRIP = NO;
				DEBUG_INFORMATION_FORMAT = dwarf;
				ENABLE_STRICT_OBJC_MSGSEND = YES;
				ENABLE_TESTABILITY = YES;
				GCC_C_LANGUAGE_STANDARD = gnu11;
				GCC_DYNAMIC_NO_PIC = NO;
				GCC_NO_COMMON_BLOCKS = YES;
				GCC_OPTIMIZATION_LEVEL = 0;
				GCC_PREPROCESSOR_DEFINITIONS = (
					"DEBUG=1",
					"$(inherited)",
				);
				GCC_WARN_64_TO_32_BIT_CONVERSION = YES;
				GCC_WARN_ABOUT_RETURN_TYPE = YES_ERROR;
				GCC_WARN_UNDECLARED_SELECTOR = YES;
				GCC_WARN_UNINITIALIZED_AUTOS = YES_AGGRESSIVE;
				GCC_WARN_UNUSED_FUNCTION = YES;
				GCC_WARN_UNUSED_VARIABLE = YES;
				IPHONEOS_DEPLOYMENT_TARGET = 16.2;
				MTL_ENABLE_DEBUG_INFO = INCLUDE_SOURCE;
				MTL_FAST_MATH = YES;
				ONLY_ACTIVE_ARCH = YES;
				SDKROOT = iphoneos;
				SWIFT_ACTIVE_COMPILATION_CONDITIONS = DEBUG;
				SWIFT_OPTIMIZATION_LEVEL = "-Onone";
			};
			name = Debug;
		};
		FF731332299CBAF1001167AD /* Release */ = {
			isa = XCBuildConfiguration;
			buildSettings = {
				ALWAYS_SEARCH_USER_PATHS = NO;
				CLANG_ANALYZER_NONNULL = YES;
				CLANG_ANALYZER_NUMBER_OBJECT_CONVERSION = YES_AGGRESSIVE;
				CLANG_CXX_LANGUAGE_STANDARD = "gnu++20";
				CLANG_ENABLE_MODULES = YES;
				CLANG_ENABLE_OBJC_ARC = YES;
				CLANG_ENABLE_OBJC_WEAK = YES;
				CLANG_WARN_BLOCK_CAPTURE_AUTORELEASING = YES;
				CLANG_WARN_BOOL_CONVERSION = YES;
				CLANG_WARN_COMMA = YES;
				CLANG_WARN_CONSTANT_CONVERSION = YES;
				CLANG_WARN_DEPRECATED_OBJC_IMPLEMENTATIONS = YES;
				CLANG_WARN_DIRECT_OBJC_ISA_USAGE = YES_ERROR;
				CLANG_WARN_DOCUMENTATION_COMMENTS = YES;
				CLANG_WARN_EMPTY_BODY = YES;
				CLANG_WARN_ENUM_CONVERSION = YES;
				CLANG_WARN_INFINITE_RECURSION = YES;
				CLANG_WARN_INT_CONVERSION = YES;
				CLANG_WARN_NON_LITERAL_NULL_CONVERSION = YES;
				CLANG_WARN_OBJC_IMPLICIT_RETAIN_SELF = YES;
				CLANG_WARN_OBJC_LITERAL_CONVERSION = YES;
				CLANG_WARN_OBJC_ROOT_CLASS = YES_ERROR;
				CLANG_WARN_QUOTED_INCLUDE_IN_FRAMEWORK_HEADER = YES;
				CLANG_WARN_RANGE_LOOP_ANALYSIS = YES;
				CLANG_WARN_STRICT_PROTOTYPES = YES;
				CLANG_WARN_SUSPICIOUS_MOVE = YES;
				CLANG_WARN_UNGUARDED_AVAILABILITY = YES_AGGRESSIVE;
				CLANG_WARN_UNREACHABLE_CODE = YES;
				CLANG_WARN__DUPLICATE_METHOD_MATCH = YES;
				COPY_PHASE_STRIP = NO;
				DEBUG_INFORMATION_FORMAT = "dwarf-with-dsym";
				ENABLE_NS_ASSERTIONS = NO;
				ENABLE_STRICT_OBJC_MSGSEND = YES;
				GCC_C_LANGUAGE_STANDARD = gnu11;
				GCC_NO_COMMON_BLOCKS = YES;
				GCC_WARN_64_TO_32_BIT_CONVERSION = YES;
				GCC_WARN_ABOUT_RETURN_TYPE = YES_ERROR;
				GCC_WARN_UNDECLARED_SELECTOR = YES;
				GCC_WARN_UNINITIALIZED_AUTOS = YES_AGGRESSIVE;
				GCC_WARN_UNUSED_FUNCTION = YES;
				GCC_WARN_UNUSED_VARIABLE = YES;
				IPHONEOS_DEPLOYMENT_TARGET = 16.2;
				MTL_ENABLE_DEBUG_INFO = NO;
				MTL_FAST_MATH = YES;
				SDKROOT = iphoneos;
				SWIFT_COMPILATION_MODE = wholemodule;
				SWIFT_OPTIMIZATION_LEVEL = "-O";
				VALIDATE_PRODUCT = YES;
			};
			name = Release;
		};
		FF731334299CBAF1001167AD /* Debug */ = {
			isa = XCBuildConfiguration;
			buildSettings = {
				ASSETCATALOG_COMPILER_APPICON_NAME = AppIcon;
				ASSETCATALOG_COMPILER_GLOBAL_ACCENT_COLOR_NAME = AccentColor;
				CODE_SIGN_STYLE = Automatic;
				CURRENT_PROJECT_VERSION = 1;
				DEVELOPMENT_TEAM = P4VV3YY3TJ;
				GENERATE_INFOPLIST_FILE = YES;
				INFOPLIST_FILE = CoordinatorPattern/Info.plist;
				INFOPLIST_KEY_UIApplicationSupportsIndirectInputEvents = YES;
				INFOPLIST_KEY_UILaunchStoryboardName = LaunchScreen;
				INFOPLIST_KEY_UISupportedInterfaceOrientations_iPad = "UIInterfaceOrientationPortrait UIInterfaceOrientationPortraitUpsideDown UIInterfaceOrientationLandscapeLeft UIInterfaceOrientationLandscapeRight";
				INFOPLIST_KEY_UISupportedInterfaceOrientations_iPhone = "UIInterfaceOrientationPortrait UIInterfaceOrientationLandscapeLeft UIInterfaceOrientationLandscapeRight";
				LD_RUNPATH_SEARCH_PATHS = (
					"$(inherited)",
					"@executable_path/Frameworks",
				);
				MARKETING_VERSION = 1.0;
				PRODUCT_BUNDLE_IDENTIFIER = com.TimotiusLeoLia.CoordinatorPattern;
				PRODUCT_NAME = "$(TARGET_NAME)";
				SWIFT_EMIT_LOC_STRINGS = YES;
				SWIFT_VERSION = 5.0;
				TARGETED_DEVICE_FAMILY = "1,2";
			};
			name = Debug;
		};
		FF731335299CBAF1001167AD /* Release */ = {
			isa = XCBuildConfiguration;
			buildSettings = {
				ASSETCATALOG_COMPILER_APPICON_NAME = AppIcon;
				ASSETCATALOG_COMPILER_GLOBAL_ACCENT_COLOR_NAME = AccentColor;
				CODE_SIGN_STYLE = Automatic;
				CURRENT_PROJECT_VERSION = 1;
				DEVELOPMENT_TEAM = P4VV3YY3TJ;
				GENERATE_INFOPLIST_FILE = YES;
				INFOPLIST_FILE = CoordinatorPattern/Info.plist;
				INFOPLIST_KEY_UIApplicationSupportsIndirectInputEvents = YES;
				INFOPLIST_KEY_UILaunchStoryboardName = LaunchScreen;
				INFOPLIST_KEY_UISupportedInterfaceOrientations_iPad = "UIInterfaceOrientationPortrait UIInterfaceOrientationPortraitUpsideDown UIInterfaceOrientationLandscapeLeft UIInterfaceOrientationLandscapeRight";
				INFOPLIST_KEY_UISupportedInterfaceOrientations_iPhone = "UIInterfaceOrientationPortrait UIInterfaceOrientationLandscapeLeft UIInterfaceOrientationLandscapeRight";
				LD_RUNPATH_SEARCH_PATHS = (
					"$(inherited)",
					"@executable_path/Frameworks",
				);
				MARKETING_VERSION = 1.0;
				PRODUCT_BUNDLE_IDENTIFIER = com.TimotiusLeoLia.CoordinatorPattern;
				PRODUCT_NAME = "$(TARGET_NAME)";
				SWIFT_EMIT_LOC_STRINGS = YES;
				SWIFT_VERSION = 5.0;
				TARGETED_DEVICE_FAMILY = "1,2";
			};
			name = Release;
		};
/* End XCBuildConfiguration section */

/* Begin XCConfigurationList section */
		FF73131A299CBAEF001167AD /* Build configuration list for PBXProject "CoordinatorPattern" */ = {
			isa = XCConfigurationList;
			buildConfigurations = (
				FF731331299CBAF1001167AD /* Debug */,
				FF731332299CBAF1001167AD /* Release */,
			);
			defaultConfigurationIsVisible = 0;
			defaultConfigurationName = Release;
		};
		FF731333299CBAF1001167AD /* Build configuration list for PBXNativeTarget "CoordinatorPattern" */ = {
			isa = XCConfigurationList;
			buildConfigurations = (
				FF731334299CBAF1001167AD /* Debug */,
				FF731335299CBAF1001167AD /* Release */,
			);
			defaultConfigurationIsVisible = 0;
			defaultConfigurationName = Release;
		};
/* End XCConfigurationList section */
	};
	rootObject = FF731317299CBAEF001167AD /* Project object */;
}
